
Microsoft Visual Studio Solution File, Format Version 12.00
# Visual Studio Version 17
VisualStudioVersion = 17.1.32228.430
MinimumVisualStudioVersion = 10.0.40219.1
Project("{9A19103F-16F7-4668-BE54-9A1E7A4F7556}") = "LevelUp.Api", "LevelUp.Api\LevelUp.Api.csproj", "{B8386140-C266-4CBD-B5E6-3BF7255E0D95}"
EndProject
Project("{9A19103F-16F7-4668-BE54-9A1E7A4F7556}") = "LevelUp.Web", "LevelUp.Web\LevelUp.Web.csproj", "{7B99AD92-461E-4ED2-958C-277E915AAC2E}"
EndProject
Project("{9A19103F-16F7-4668-BE54-9A1E7A4F7556}") = "LevelUp.Entities", "LevelUp.Entities\LevelUp.Entities.csproj", "{01977F53-698A-48F5-9822-7E140491BE4D}"
EndProject
Project("{9A19103F-16F7-4668-BE54-9A1E7A4F7556}") = "LevelUp.DataAccess", "LevelUp.DataAccess\LevelUp.DataAccess.csproj", "{8A576BDC-BCA1-4385-88D1-A9615014967D}"
EndProject
Project("{FAE04EC0-301F-11D3-BF4B-00C04F79EFBC}") = "LevelUp.Services", "LevelUp.Services\LevelUp.Services.csproj", "{C31A2878-6099-43C4-A27B-153579795CD9}"
EndProject
Global
	GlobalSection(SolutionConfigurationPlatforms) = preSolution
		Debug|Any CPU = Debug|Any CPU
		Release|Any CPU = Release|Any CPU
	EndGlobalSection
	GlobalSection(ProjectConfigurationPlatforms) = postSolution
		{B8386140-C266-4CBD-B5E6-3BF7255E0D95}.Debug|Any CPU.ActiveCfg = Debug|Any CPU
		{B8386140-C266-4CBD-B5E6-3BF7255E0D95}.Debug|Any CPU.Build.0 = Debug|Any CPU
		{B8386140-C266-4CBD-B5E6-3BF7255E0D95}.Release|Any CPU.ActiveCfg = Release|Any CPU
		{B8386140-C266-4CBD-B5E6-3BF7255E0D95}.Release|Any CPU.Build.0 = Release|Any CPU
		{7B99AD92-461E-4ED2-958C-277E915AAC2E}.Debug|Any CPU.ActiveCfg = Debug|Any CPU
		{7B99AD92-461E-4ED2-958C-277E915AAC2E}.Debug|Any CPU.Build.0 = Debug|Any CPU
		{7B99AD92-461E-4ED2-958C-277E915AAC2E}.Release|Any CPU.ActiveCfg = Release|Any CPU
		{7B99AD92-461E-4ED2-958C-277E915AAC2E}.Release|Any CPU.Build.0 = Release|Any CPU
		{01977F53-698A-48F5-9822-7E140491BE4D}.Debug|Any CPU.ActiveCfg = Debug|Any CPU
		{01977F53-698A-48F5-9822-7E140491BE4D}.Debug|Any CPU.Build.0 = Debug|Any CPU
		{01977F53-698A-48F5-9822-7E140491BE4D}.Release|Any CPU.ActiveCfg = Release|Any CPU
		{01977F53-698A-48F5-9822-7E140491BE4D}.Release|Any CPU.Build.0 = Release|Any CPU
		{8A576BDC-BCA1-4385-88D1-A9615014967D}.Debug|Any CPU.ActiveCfg = Debug|Any CPU
		{8A576BDC-BCA1-4385-88D1-A9615014967D}.Debug|Any CPU.Build.0 = Debug|Any CPU
		{8A576BDC-BCA1-4385-88D1-A9615014967D}.Release|Any CPU.ActiveCfg = Release|Any CPU
		{8A576BDC-BCA1-4385-88D1-A9615014967D}.Release|Any CPU.Build.0 = Release|Any CPU
		{C31A2878-6099-43C4-A27B-153579795CD9}.Debug|Any CPU.ActiveCfg = Debug|Any CPU
		{C31A2878-6099-43C4-A27B-153579795CD9}.Debug|Any CPU.Build.0 = Debug|Any CPU
		{C31A2878-6099-43C4-A27B-153579795CD9}.Release|Any CPU.ActiveCfg = Release|Any CPU
		{C31A2878-6099-43C4-A27B-153579795CD9}.Release|Any CPU.Build.0 = Release|Any CPU
	EndGlobalSection
	GlobalSection(SolutionProperties) = preSolution
		HideSolutionNode = FALSE
	EndGlobalSection
	GlobalSection(ExtensibilityGlobals) = postSolution
		SolutionGuid = {BD8B6C32-84DE-475A-9909-60C88E1A1B27}
	EndGlobalSection
EndGlobal
