
Microsoft Visual Studio Solution File, Format Version 12.00
# Visual Studio Version 16
VisualStudioVersion = 16.0.31515.178
MinimumVisualStudioVersion = 10.0.40219.1
Project("{FAE04EC0-301F-11D3-BF4B-00C04F79EFBC}") = "LevelUp.Api", "LevelUp.Api\LevelUp.Api.csproj", "{B8386140-C266-4CBD-B5E6-3BF7255E0D95}"
EndProject
Project("{FAE04EC0-301F-11D3-BF4B-00C04F79EFBC}") = "LevelUp.Web", "LevelUp.Web\LevelUp.Web.csproj", "{7B99AD92-461E-4ED2-958C-277E915AAC2E}"
EndProject
Global
	GlobalSection(SolutionConfigurationPlatforms) = preSolution
		Debug|Any CPU = Debug|Any CPU
		Release|Any CPU = Release|Any CPU
	EndGlobalSection
	GlobalSection(ProjectConfigurationPlatforms) = postSolution
		{B8386140-C266-4CBD-B5E6-3BF7255E0D95}.Debug|Any CPU.ActiveCfg = Debug|Any CPU
		{B8386140-C266-4CBD-B5E6-3BF7255E0D95}.Debug|Any CPU.Build.0 = Debug|Any CPU
		{B8386140-C266-4CBD-B5E6-3BF7255E0D95}.Release|Any CPU.ActiveCfg = Release|Any CPU
		{B8386140-C266-4CBD-B5E6-3BF7255E0D95}.Release|Any CPU.Build.0 = Release|Any CPU
		{7B99AD92-461E-4ED2-958C-277E915AAC2E}.Debug|Any CPU.ActiveCfg = Debug|Any CPU
		{7B99AD92-461E-4ED2-958C-277E915AAC2E}.Debug|Any CPU.Build.0 = Debug|Any CPU
		{7B99AD92-461E-4ED2-958C-277E915AAC2E}.Release|Any CPU.ActiveCfg = Release|Any CPU
		{7B99AD92-461E-4ED2-958C-277E915AAC2E}.Release|Any CPU.Build.0 = Release|Any CPU
	EndGlobalSection
	GlobalSection(SolutionProperties) = preSolution
		HideSolutionNode = FALSE
	EndGlobalSection
	GlobalSection(ExtensibilityGlobals) = postSolution
		SolutionGuid = {BD8B6C32-84DE-475A-9909-60C88E1A1B27}
	EndGlobalSection
EndGlobal
